// !$*UTF8*$!
{
	archiveVersion = 1;
	classes = {
	};
	objectVersion = 50;
	objects = {

/* Begin PBXBuildFile section */
		270E960C20C75CCE00720F85 /* AppDelegate.swift in Sources */ = {isa = PBXBuildFile; fileRef = 270E960B20C75CCE00720F85 /* AppDelegate.swift */; };
		270E960E20C75CCE00720F85 /* ViewController.swift in Sources */ = {isa = PBXBuildFile; fileRef = 270E960D20C75CCE00720F85 /* ViewController.swift */; };
		270E961120C75CCF00720F85 /* Main.storyboard in Resources */ = {isa = PBXBuildFile; fileRef = 270E960F20C75CCF00720F85 /* Main.storyboard */; };
		270E961320C75CCF00720F85 /* Assets.xcassets in Resources */ = {isa = PBXBuildFile; fileRef = 270E961220C75CCF00720F85 /* Assets.xcassets */; };
		270E961620C75CCF00720F85 /* LaunchScreen.storyboard in Resources */ = {isa = PBXBuildFile; fileRef = 270E961420C75CCF00720F85 /* LaunchScreen.storyboard */; };
		270E962120C75CCF00720F85 /* TipTests.swift in Sources */ = {isa = PBXBuildFile; fileRef = 270E962020C75CCF00720F85 /* TipTests.swift */; };
		270E962C20C75CD000720F85 /* TipUITests.swift in Sources */ = {isa = PBXBuildFile; fileRef = 270E962B20C75CD000720F85 /* TipUITests.swift */; };
/* End PBXBuildFile section */

/* Begin PBXContainerItemProxy section */
		270E961D20C75CCF00720F85 /* PBXContainerItemProxy */ = {
			isa = PBXContainerItemProxy;
			containerPortal = 270E960020C75CCE00720F85 /* Project object */;
			proxyType = 1;
			remoteGlobalIDString = 270E960720C75CCE00720F85;
			remoteInfo = Tip;
		};
		270E962820C75CD000720F85 /* PBXContainerItemProxy */ = {
			isa = PBXContainerItemProxy;
			containerPortal = 270E960020C75CCE00720F85 /* Project object */;
			proxyType = 1;
			remoteGlobalIDString = 270E960720C75CCE00720F85;
			remoteInfo = Tip;
		};
/* End PBXContainerItemProxy section */

/* Begin PBXFileReference section */
		270E960820C75CCE00720F85 /* Tip.app */ = {isa = PBXFileReference; explicitFileType = wrapper.application; includeInIndex = 0; path = Tip.app; sourceTree = BUILT_PRODUCTS_DIR; };
		270E960B20C75CCE00720F85 /* AppDelegate.swift */ = {isa = PBXFileReference; lastKnownFileType = sourcecode.swift; path = AppDelegate.swift; sourceTree = "<group>"; };
		270E960D20C75CCE00720F85 /* ViewController.swift */ = {isa = PBXFileReference; lastKnownFileType = sourcecode.swift; path = ViewController.swift; sourceTree = "<group>"; };
		270E961020C75CCF00720F85 /* Base */ = {isa = PBXFileReference; lastKnownFileType = file.storyboard; name = Base; path = Base.lproj/Main.storyboard; sourceTree = "<group>"; };
		270E961220C75CCF00720F85 /* Assets.xcassets */ = {isa = PBXFileReference; lastKnownFileType = folder.assetcatalog; path = Assets.xcassets; sourceTree = "<group>"; };
		270E961520C75CCF00720F85 /* Base */ = {isa = PBXFileReference; lastKnownFileType = file.storyboard; name = Base; path = Base.lproj/LaunchScreen.storyboard; sourceTree = "<group>"; };
		270E961720C75CCF00720F85 /* Info.plist */ = {isa = PBXFileReference; lastKnownFileType = text.plist.xml; path = Info.plist; sourceTree = "<group>"; };
		270E961C20C75CCF00720F85 /* TipTests.xctest */ = {isa = PBXFileReference; explicitFileType = wrapper.cfbundle; includeInIndex = 0; path = TipTests.xctest; sourceTree = BUILT_PRODUCTS_DIR; };
		270E962020C75CCF00720F85 /* TipTests.swift */ = {isa = PBXFileReference; lastKnownFileType = sourcecode.swift; path = TipTests.swift; sourceTree = "<group>"; };
		270E962220C75CCF00720F85 /* Info.plist */ = {isa = PBXFileReference; lastKnownFileType = text.plist.xml; path = Info.plist; sourceTree = "<group>"; };
		270E962720C75CCF00720F85 /* TipUITests.xctest */ = {isa = PBXFileReference; explicitFileType = wrapper.cfbundle; includeInIndex = 0; path = TipUITests.xctest; sourceTree = BUILT_PRODUCTS_DIR; };
		270E962B20C75CD000720F85 /* TipUITests.swift */ = {isa = PBXFileReference; lastKnownFileType = sourcecode.swift; path = TipUITests.swift; sourceTree = "<group>"; };
		270E962D20C75CD000720F85 /* Info.plist */ = {isa = PBXFileReference; lastKnownFileType = text.plist.xml; path = Info.plist; sourceTree = "<group>"; };
/* End PBXFileReference section */

/* Begin PBXFrameworksBuildPhase section */
		270E960520C75CCE00720F85 /* Frameworks */ = {
			isa = PBXFrameworksBuildPhase;
			buildActionMask = 2147483647;
			files = (
			);
			runOnlyForDeploymentPostprocessing = 0;
		};
		270E961920C75CCF00720F85 /* Frameworks */ = {
			isa = PBXFrameworksBuildPhase;
			buildActionMask = 2147483647;
			files = (
			);
			runOnlyForDeploymentPostprocessing = 0;
		};
		270E962420C75CCF00720F85 /* Frameworks */ = {
			isa = PBXFrameworksBuildPhase;
			buildActionMask = 2147483647;
			files = (
			);
			runOnlyForDeploymentPostprocessing = 0;
		};
/* End PBXFrameworksBuildPhase section */

/* Begin PBXGroup section */
		270E95FF20C75CCE00720F85 = {
			isa = PBXGroup;
			children = (
				270E960A20C75CCE00720F85 /* Tip */,
				270E961F20C75CCF00720F85 /* TipTests */,
				270E962A20C75CD000720F85 /* TipUITests */,
				270E960920C75CCE00720F85 /* Products */,
			);
			sourceTree = "<group>";
		};
		270E960920C75CCE00720F85 /* Products */ = {
			isa = PBXGroup;
			children = (
				270E960820C75CCE00720F85 /* Tip.app */,
				270E961C20C75CCF00720F85 /* TipTests.xctest */,
				270E962720C75CCF00720F85 /* TipUITests.xctest */,
			);
			name = Products;
			sourceTree = "<group>";
		};
		270E960A20C75CCE00720F85 /* Tip */ = {
			isa = PBXGroup;
			children = (
				270E960B20C75CCE00720F85 /* AppDelegate.swift */,
				270E960D20C75CCE00720F85 /* ViewController.swift */,
				270E960F20C75CCF00720F85 /* Main.storyboard */,
				270E961220C75CCF00720F85 /* Assets.xcassets */,
				270E961420C75CCF00720F85 /* LaunchScreen.storyboard */,
				270E961720C75CCF00720F85 /* Info.plist */,
			);
			path = Tip;
			sourceTree = "<group>";
		};
		270E961F20C75CCF00720F85 /* TipTests */ = {
			isa = PBXGroup;
			children = (
				270E962020C75CCF00720F85 /* TipTests.swift */,
				270E962220C75CCF00720F85 /* Info.plist */,
			);
			path = TipTests;
			sourceTree = "<group>";
		};
		270E962A20C75CD000720F85 /* TipUITests */ = {
			isa = PBXGroup;
			children = (
				270E962B20C75CD000720F85 /* TipUITests.swift */,
				270E962D20C75CD000720F85 /* Info.plist */,
			);
			path = TipUITests;
			sourceTree = "<group>";
		};
/* End PBXGroup section */

/* Begin PBXNativeTarget section */
		270E960720C75CCE00720F85 /* Tip */ = {
			isa = PBXNativeTarget;
			buildConfigurationList = 270E963020C75CD000720F85 /* Build configuration list for PBXNativeTarget "Tip" */;
			buildPhases = (
				270E960420C75CCE00720F85 /* Sources */,
				270E960520C75CCE00720F85 /* Frameworks */,
				270E960620C75CCE00720F85 /* Resources */,
			);
			buildRules = (
			);
			dependencies = (
			);
			name = Tip;
			productName = Tip;
			productReference = 270E960820C75CCE00720F85 /* Tip.app */;
			productType = "com.apple.product-type.application";
		};
		270E961B20C75CCF00720F85 /* TipTests */ = {
			isa = PBXNativeTarget;
			buildConfigurationList = 270E963320C75CD000720F85 /* Build configuration list for PBXNativeTarget "TipTests" */;
			buildPhases = (
				270E961820C75CCF00720F85 /* Sources */,
				270E961920C75CCF00720F85 /* Frameworks */,
				270E961A20C75CCF00720F85 /* Resources */,
			);
			buildRules = (
			);
			dependencies = (
				270E961E20C75CCF00720F85 /* PBXTargetDependency */,
			);
			name = TipTests;
			productName = TipTests;
			productReference = 270E961C20C75CCF00720F85 /* TipTests.xctest */;
			productType = "com.apple.product-type.bundle.unit-test";
		};
		270E962620C75CCF00720F85 /* TipUITests */ = {
			isa = PBXNativeTarget;
			buildConfigurationList = 270E963620C75CD000720F85 /* Build configuration list for PBXNativeTarget "TipUITests" */;
			buildPhases = (
				270E962320C75CCF00720F85 /* Sources */,
				270E962420C75CCF00720F85 /* Frameworks */,
				270E962520C75CCF00720F85 /* Resources */,
			);
			buildRules = (
			);
			dependencies = (
				270E962920C75CD000720F85 /* PBXTargetDependency */,
			);
			name = TipUITests;
			productName = TipUITests;
			productReference = 270E962720C75CCF00720F85 /* TipUITests.xctest */;
			productType = "com.apple.product-type.bundle.ui-testing";
		};
/* End PBXNativeTarget section */

/* Begin PBXProject section */
		270E960020C75CCE00720F85 /* Project object */ = {
			isa = PBXProject;
			attributes = {
				LastSwiftUpdateCheck = 0940;
				LastUpgradeCheck = 0940;
				ORGANIZATIONNAME = "Anirudh V";
				TargetAttributes = {
					270E960720C75CCE00720F85 = {
						CreatedOnToolsVersion = 9.4;
					};
					270E961B20C75CCF00720F85 = {
						CreatedOnToolsVersion = 9.4;
						TestTargetID = 270E960720C75CCE00720F85;
					};
					270E962620C75CCF00720F85 = {
						CreatedOnToolsVersion = 9.4;
						TestTargetID = 270E960720C75CCE00720F85;
					};
				};
			};
			buildConfigurationList = 270E960320C75CCE00720F85 /* Build configuration list for PBXProject "Tip" */;
			compatibilityVersion = "Xcode 9.3";
			developmentRegion = en;
			hasScannedForEncodings = 0;
			knownRegions = (
				en,
				Base,
			);
			mainGroup = 270E95FF20C75CCE00720F85;
			productRefGroup = 270E960920C75CCE00720F85 /* Products */;
			projectDirPath = "";
			projectRoot = "";
			targets = (
				270E960720C75CCE00720F85 /* Tip */,
				270E961B20C75CCF00720F85 /* TipTests */,
				270E962620C75CCF00720F85 /* TipUITests */,
			);
		};
/* End PBXProject section */

/* Begin PBXResourcesBuildPhase section */
		270E960620C75CCE00720F85 /* Resources */ = {
			isa = PBXResourcesBuildPhase;
			buildActionMask = 2147483647;
			files = (
				270E961620C75CCF00720F85 /* LaunchScreen.storyboard in Resources */,
				270E961320C75CCF00720F85 /* Assets.xcassets in Resources */,
				270E961120C75CCF00720F85 /* Main.storyboard in Resources */,
			);
			runOnlyForDeploymentPostprocessing = 0;
		};
		270E961A20C75CCF00720F85 /* Resources */ = {
			isa = PBXResourcesBuildPhase;
			buildActionMask = 2147483647;
			files = (
			);
			runOnlyForDeploymentPostprocessing = 0;
		};
		270E962520C75CCF00720F85 /* Resources */ = {
			isa = PBXResourcesBuildPhase;
			buildActionMask = 2147483647;
			files = (
			);
			runOnlyForDeploymentPostprocessing = 0;
		};
/* End PBXResourcesBuildPhase section */

/* Begin PBXSourcesBuildPhase section */
		270E960420C75CCE00720F85 /* Sources */ = {
			isa = PBXSourcesBuildPhase;
			buildActionMask = 2147483647;
			files = (
				270E960E20C75CCE00720F85 /* ViewController.swift in Sources */,
				270E960C20C75CCE00720F85 /* AppDelegate.swift in Sources */,
			);
			runOnlyForDeploymentPostprocessing = 0;
		};
		270E961820C75CCF00720F85 /* Sources */ = {
			isa = PBXSourcesBuildPhase;
			buildActionMask = 2147483647;
			files = (
				270E962120C75CCF00720F85 /* TipTests.swift in Sources */,
			);
			runOnlyForDeploymentPostprocessing = 0;
		};
		270E962320C75CCF00720F85 /* Sources */ = {
			isa = PBXSourcesBuildPhase;
			buildActionMask = 2147483647;
			files = (
				270E962C20C75CD000720F85 /* TipUITests.swift in Sources */,
			);
			runOnlyForDeploymentPostprocessing = 0;
		};
/* End PBXSourcesBuildPhase section */

/* Begin PBXTargetDependency section */
		270E961E20C75CCF00720F85 /* PBXTargetDependency */ = {
			isa = PBXTargetDependency;
			target = 270E960720C75CCE00720F85 /* Tip */;
			targetProxy = 270E961D20C75CCF00720F85 /* PBXContainerItemProxy */;
		};
		270E962920C75CD000720F85 /* PBXTargetDependency */ = {
			isa = PBXTargetDependency;
			target = 270E960720C75CCE00720F85 /* Tip */;
			targetProxy = 270E962820C75CD000720F85 /* PBXContainerItemProxy */;
		};
/* End PBXTargetDependency section */

/* Begin PBXVariantGroup section */
		270E960F20C75CCF00720F85 /* Main.storyboard */ = {
			isa = PBXVariantGroup;
			children = (
				270E961020C75CCF00720F85 /* Base */,
			);
			name = Main.storyboard;
			sourceTree = "<group>";
		};
		270E961420C75CCF00720F85 /* LaunchScreen.storyboard */ = {
			isa = PBXVariantGroup;
			children = (
				270E961520C75CCF00720F85 /* Base */,
			);
			name = LaunchScreen.storyboard;
			sourceTree = "<group>";
		};
/* End PBXVariantGroup section */

/* Begin XCBuildConfiguration section */
		270E962E20C75CD000720F85 /* Debug */ = {
			isa = XCBuildConfiguration;
			buildSettings = {
				ALWAYS_SEARCH_USER_PATHS = NO;
				CLANG_ANALYZER_NONNULL = YES;
				CLANG_ANALYZER_NUMBER_OBJECT_CONVERSION = YES_AGGRESSIVE;
				CLANG_CXX_LANGUAGE_STANDARD = "gnu++14";
				CLANG_CXX_LIBRARY = "libc++";
				CLANG_ENABLE_MODULES = YES;
				CLANG_ENABLE_OBJC_ARC = YES;
				CLANG_ENABLE_OBJC_WEAK = YES;
				CLANG_WARN_BLOCK_CAPTURE_AUTORELEASING = YES;
				CLANG_WARN_BOOL_CONVERSION = YES;
				CLANG_WARN_COMMA = YES;
				CLANG_WARN_CONSTANT_CONVERSION = YES;
				CLANG_WARN_DEPRECATED_OBJC_IMPLEMENTATIONS = YES;
				CLANG_WARN_DIRECT_OBJC_ISA_USAGE = YES_ERROR;
				CLANG_WARN_DOCUMENTATION_COMMENTS = YES;
				CLANG_WARN_EMPTY_BODY = YES;
				CLANG_WARN_ENUM_CONVERSION = YES;
				CLANG_WARN_INFINITE_RECURSION = YES;
				CLANG_WARN_INT_CONVERSION = YES;
				CLANG_WARN_NON_LITERAL_NULL_CONVERSION = YES;
				CLANG_WARN_OBJC_IMPLICIT_RETAIN_SELF = YES;
				CLANG_WARN_OBJC_LITERAL_CONVERSION = YES;
				CLANG_WARN_OBJC_ROOT_CLASS = YES_ERROR;
				CLANG_WARN_RANGE_LOOP_ANALYSIS = YES;
				CLANG_WARN_STRICT_PROTOTYPES = YES;
				CLANG_WARN_SUSPICIOUS_MOVE = YES;
				CLANG_WARN_UNGUARDED_AVAILABILITY = YES_AGGRESSIVE;
				CLANG_WARN_UNREACHABLE_CODE = YES;
				CLANG_WARN__DUPLICATE_METHOD_MATCH = YES;
				CODE_SIGN_IDENTITY = "iPhone Developer";
				COPY_PHASE_STRIP = NO;
				DEBUG_INFORMATION_FORMAT = dwarf;
				ENABLE_STRICT_OBJC_MSGSEND = YES;
				ENABLE_TESTABILITY = YES;
				GCC_C_LANGUAGE_STANDARD = gnu11;
				GCC_DYNAMIC_NO_PIC = NO;
				GCC_NO_COMMON_BLOCKS = YES;
				GCC_OPTIMIZATION_LEVEL = 0;
				GCC_PREPROCESSOR_DEFINITIONS = (
					"DEBUG=1",
					"$(inherited)",
				);
				GCC_WARN_64_TO_32_BIT_CONVERSION = YES;
				GCC_WARN_ABOUT_RETURN_TYPE = YES_ERROR;
				GCC_WARN_UNDECLARED_SELECTOR = YES;
				GCC_WARN_UNINITIALIZED_AUTOS = YES_AGGRESSIVE;
				GCC_WARN_UNUSED_FUNCTION = YES;
				GCC_WARN_UNUSED_VARIABLE = YES;
				IPHONEOS_DEPLOYMENT_TARGET = 11.4;
				MTL_ENABLE_DEBUG_INFO = YES;
				ONLY_ACTIVE_ARCH = YES;
				SDKROOT = iphoneos;
				SWIFT_ACTIVE_COMPILATION_CONDITIONS = DEBUG;
				SWIFT_OPTIMIZATION_LEVEL = "-Onone";
			};
			name = Debug;
		};
		270E962F20C75CD000720F85 /* Release */ = {
			isa = XCBuildConfiguration;
			buildSettings = {
				ALWAYS_SEARCH_USER_PATHS = NO;
				CLANG_ANALYZER_NONNULL = YES;
				CLANG_ANALYZER_NUMBER_OBJECT_CONVERSION = YES_AGGRESSIVE;
				CLANG_CXX_LANGUAGE_STANDARD = "gnu++14";
				CLANG_CXX_LIBRARY = "libc++";
				CLANG_ENABLE_MODULES = YES;
				CLANG_ENABLE_OBJC_ARC = YES;
				CLANG_ENABLE_OBJC_WEAK = YES;
				CLANG_WARN_BLOCK_CAPTURE_AUTORELEASING = YES;
				CLANG_WARN_BOOL_CONVERSION = YES;
				CLANG_WARN_COMMA = YES;
				CLANG_WARN_CONSTANT_CONVERSION = YES;
				CLANG_WARN_DEPRECATED_OBJC_IMPLEMENTATIONS = YES;
				CLANG_WARN_DIRECT_OBJC_ISA_USAGE = YES_ERROR;
				CLANG_WARN_DOCUMENTATION_COMMENTS = YES;
				CLANG_WARN_EMPTY_BODY = YES;
				CLANG_WARN_ENUM_CONVERSION = YES;
				CLANG_WARN_INFINITE_RECURSION = YES;
				CLANG_WARN_INT_CONVERSION = YES;
				CLANG_WARN_NON_LITERAL_NULL_CONVERSION = YES;
				CLANG_WARN_OBJC_IMPLICIT_RETAIN_SELF = YES;
				CLANG_WARN_OBJC_LITERAL_CONVERSION = YES;
				CLANG_WARN_OBJC_ROOT_CLASS = YES_ERROR;
				CLANG_WARN_RANGE_LOOP_ANALYSIS = YES;
				CLANG_WARN_STRICT_PROTOTYPES = YES;
				CLANG_WARN_SUSPICIOUS_MOVE = YES;
				CLANG_WARN_UNGUARDED_AVAILABILITY = YES_AGGRESSIVE;
				CLANG_WARN_UNREACHABLE_CODE = YES;
				CLANG_WARN__DUPLICATE_METHOD_MATCH = YES;
				CODE_SIGN_IDENTITY = "iPhone Developer";
				COPY_PHASE_STRIP = NO;
				DEBUG_INFORMATION_FORMAT = "dwarf-with-dsym";
				ENABLE_NS_ASSERTIONS = NO;
				ENABLE_STRICT_OBJC_MSGSEND = YES;
				GCC_C_LANGUAGE_STANDARD = gnu11;
				GCC_NO_COMMON_BLOCKS = YES;
				GCC_WARN_64_TO_32_BIT_CONVERSION = YES;
				GCC_WARN_ABOUT_RETURN_TYPE = YES_ERROR;
				GCC_WARN_UNDECLARED_SELECTOR = YES;
				GCC_WARN_UNINITIALIZED_AUTOS = YES_AGGRESSIVE;
				GCC_WARN_UNUSED_FUNCTION = YES;
				GCC_WARN_UNUSED_VARIABLE = YES;
				IPHONEOS_DEPLOYMENT_TARGET = 11.4;
				MTL_ENABLE_DEBUG_INFO = NO;
				SDKROOT = iphoneos;
				SWIFT_COMPILATION_MODE = wholemodule;
				SWIFT_OPTIMIZATION_LEVEL = "-O";
				VALIDATE_PRODUCT = YES;
			};
			name = Release;
		};
		270E963120C75CD000720F85 /* Debug */ = {
			isa = XCBuildConfiguration;
			buildSettings = {
				ASSETCATALOG_COMPILER_APPICON_NAME = AppIcon;
				CODE_SIGN_STYLE = Automatic;
				INFOPLIST_FILE = Tip/Info.plist;
				LD_RUNPATH_SEARCH_PATHS = (
					"$(inherited)",
					"@executable_path/Frameworks",
				);
				PRODUCT_BUNDLE_IDENTIFIER = com.anirrudh.obj.Tip;
				PRODUCT_NAME = "$(TARGET_NAME)";
				SWIFT_VERSION = 4.0;
				TARGETED_DEVICE_FAMILY = "1,2";
			};
			name = Debug;
		};
		270E963220C75CD000720F85 /* Release */ = {
			isa = XCBuildConfiguration;
			buildSettings = {
				ASSETCATALOG_COMPILER_APPICON_NAME = AppIcon;
				CODE_SIGN_STYLE = Automatic;
				INFOPLIST_FILE = Tip/Info.plist;
				LD_RUNPATH_SEARCH_PATHS = (
					"$(inherited)",
					"@executable_path/Frameworks",
				);
				PRODUCT_BUNDLE_IDENTIFIER = com.anirrudh.obj.Tip;
				PRODUCT_NAME = "$(TARGET_NAME)";
				SWIFT_VERSION = 4.0;
				TARGETED_DEVICE_FAMILY = "1,2";
			};
			name = Release;
		};
		270E963420C75CD000720F85 /* Debug */ = {
			isa = XCBuildConfiguration;
			buildSettings = {
				ALWAYS_EMBED_SWIFT_STANDARD_LIBRARIES = YES;
				BUNDLE_LOADER = "$(TEST_HOST)";
				CODE_SIGN_STYLE = Automatic;
				INFOPLIST_FILE = TipTests/Info.plist;
				LD_RUNPATH_SEARCH_PATHS = (
					"$(inherited)",
					"@executable_path/Frameworks",
					"@loader_path/Frameworks",
				);
				PRODUCT_BUNDLE_IDENTIFIER = com.anirrudh.obj.TipTests;
				PRODUCT_NAME = "$(TARGET_NAME)";
				SWIFT_VERSION = 4.0;
				TARGETED_DEVICE_FAMILY = "1,2";
				TEST_HOST = "$(BUILT_PRODUCTS_DIR)/Tip.app/Tip";
			};
			name = Debug;
		};
		270E963520C75CD000720F85 /* Release */ = {
			isa = XCBuildConfiguration;
			buildSettings = {
				ALWAYS_EMBED_SWIFT_STANDARD_LIBRARIES = YES;
				BUNDLE_LOADER = "$(TEST_HOST)";
				CODE_SIGN_STYLE = Automatic;
				INFOPLIST_FILE = TipTests/Info.plist;
				LD_RUNPATH_SEARCH_PATHS = (
					"$(inherited)",
					"@executable_path/Frameworks",
					"@loader_path/Frameworks",
				);
				PRODUCT_BUNDLE_IDENTIFIER = com.anirrudh.obj.TipTests;
				PRODUCT_NAME = "$(TARGET_NAME)";
				SWIFT_VERSION = 4.0;
				TARGETED_DEVICE_FAMILY = "1,2";
				TEST_HOST = "$(BUILT_PRODUCTS_DIR)/Tip.app/Tip";
			};
			name = Release;
		};
		270E963720C75CD000720F85 /* Debug */ = {
			isa = XCBuildConfiguration;
			buildSettings = {
				ALWAYS_EMBED_SWIFT_STANDARD_LIBRARIES = YES;
				CODE_SIGN_STYLE = Automatic;
				INFOPLIST_FILE = TipUITests/Info.plist;
				LD_RUNPATH_SEARCH_PATHS = (
					"$(inherited)",
					"@executable_path/Frameworks",
					"@loader_path/Frameworks",
				);
				PRODUCT_BUNDLE_IDENTIFIER = com.anirrudh.obj.TipUITests;
				PRODUCT_NAME = "$(TARGET_NAME)";
				SWIFT_VERSION = 4.0;
				TARGETED_DEVICE_FAMILY = "1,2";
				TEST_TARGET_NAME = Tip;
			};
			name = Debug;
		};
		270E963820C75CD000720F85 /* Release */ = {
			isa = XCBuildConfiguration;
			buildSettings = {
				ALWAYS_EMBED_SWIFT_STANDARD_LIBRARIES = YES;
				CODE_SIGN_STYLE = Automatic;
				INFOPLIST_FILE = TipUITests/Info.plist;
				LD_RUNPATH_SEARCH_PATHS = (
					"$(inherited)",
					"@executable_path/Frameworks",
					"@loader_path/Frameworks",
				);
				PRODUCT_BUNDLE_IDENTIFIER = com.anirrudh.obj.TipUITests;
				PRODUCT_NAME = "$(TARGET_NAME)";
				SWIFT_VERSION = 4.0;
				TARGETED_DEVICE_FAMILY = "1,2";
				TEST_TARGET_NAME = Tip;
			};
			name = Release;
		};
/* End XCBuildConfiguration section */

/* Begin XCConfigurationList section */
		270E960320C75CCE00720F85 /* Build configuration list for PBXProject "Tip" */ = {
			isa = XCConfigurationList;
			buildConfigurations = (
				270E962E20C75CD000720F85 /* Debug */,
				270E962F20C75CD000720F85 /* Release */,
			);
			defaultConfigurationIsVisible = 0;
			defaultConfigurationName = Release;
		};
		270E963020C75CD000720F85 /* Build configuration list for PBXNativeTarget "Tip" */ = {
			isa = XCConfigurationList;
			buildConfigurations = (
				270E963120C75CD000720F85 /* Debug */,
				270E963220C75CD000720F85 /* Release */,
			);
			defaultConfigurationIsVisible = 0;
			defaultConfigurationName = Release;
		};
		270E963320C75CD000720F85 /* Build configuration list for PBXNativeTarget "TipTests" */ = {
			isa = XCConfigurationList;
			buildConfigurations = (
				270E963420C75CD000720F85 /* Debug */,
				270E963520C75CD000720F85 /* Release */,
			);
			defaultConfigurationIsVisible = 0;
			defaultConfigurationName = Release;
		};
		270E963620C75CD000720F85 /* Build configuration list for PBXNativeTarget "TipUITests" */ = {
			isa = XCConfigurationList;
			buildConfigurations = (
				270E963720C75CD000720F85 /* Debug */,
				270E963820C75CD000720F85 /* Release */,
			);
			defaultConfigurationIsVisible = 0;
			defaultConfigurationName = Release;
		};
/* End XCConfigurationList section */
	};
	rootObject = 270E960020C75CCE00720F85 /* Project object */;
}
